
Microsoft Visual Studio Solution File, Format Version 12.00
# Visual Studio Version 16
VisualStudioVersion = 16.0.29613.14
MinimumVisualStudioVersion = 15.0.26124.0
Project("{FAE04EC0-301F-11D3-BF4B-00C04F79EFBC}") = "Payment.API", "Payment.API\Payment.API.csproj", "{046AB2EC-F275-41D7-831D-BD89B1DFC167}"
EndProject
Project("{FAE04EC0-301F-11D3-BF4B-00C04F79EFBC}") = "Payment.UnitTests", "Payment.UnitTests\Payment.UnitTests.csproj", "{90B053F1-BBDC-405F-8913-97826BEFEDA5}"
EndProject
Global
	GlobalSection(SolutionConfigurationPlatforms) = preSolution
		Debug|Any CPU = Debug|Any CPU
		Debug|x64 = Debug|x64
		Debug|x86 = Debug|x86
		Release|Any CPU = Release|Any CPU
		Release|x64 = Release|x64
		Release|x86 = Release|x86
	EndGlobalSection
	GlobalSection(ProjectConfigurationPlatforms) = postSolution
		{046AB2EC-F275-41D7-831D-BD89B1DFC167}.Debug|Any CPU.ActiveCfg = Debug|Any CPU
		{046AB2EC-F275-41D7-831D-BD89B1DFC167}.Debug|Any CPU.Build.0 = Debug|Any CPU
		{046AB2EC-F275-41D7-831D-BD89B1DFC167}.Debug|x64.ActiveCfg = Debug|Any CPU
		{046AB2EC-F275-41D7-831D-BD89B1DFC167}.Debug|x64.Build.0 = Debug|Any CPU
		{046AB2EC-F275-41D7-831D-BD89B1DFC167}.Debug|x86.ActiveCfg = Debug|Any CPU
		{046AB2EC-F275-41D7-831D-BD89B1DFC167}.Debug|x86.Build.0 = Debug|Any CPU
		{046AB2EC-F275-41D7-831D-BD89B1DFC167}.Release|Any CPU.ActiveCfg = Release|Any CPU
		{046AB2EC-F275-41D7-831D-BD89B1DFC167}.Release|Any CPU.Build.0 = Release|Any CPU
		{046AB2EC-F275-41D7-831D-BD89B1DFC167}.Release|x64.ActiveCfg = Release|Any CPU
		{046AB2EC-F275-41D7-831D-BD89B1DFC167}.Release|x64.Build.0 = Release|Any CPU
		{046AB2EC-F275-41D7-831D-BD89B1DFC167}.Release|x86.ActiveCfg = Release|Any CPU
		{046AB2EC-F275-41D7-831D-BD89B1DFC167}.Release|x86.Build.0 = Release|Any CPU
		{90B053F1-BBDC-405F-8913-97826BEFEDA5}.Debug|Any CPU.ActiveCfg = Debug|Any CPU
		{90B053F1-BBDC-405F-8913-97826BEFEDA5}.Debug|Any CPU.Build.0 = Debug|Any CPU
		{90B053F1-BBDC-405F-8913-97826BEFEDA5}.Debug|x64.ActiveCfg = Debug|Any CPU
		{90B053F1-BBDC-405F-8913-97826BEFEDA5}.Debug|x64.Build.0 = Debug|Any CPU
		{90B053F1-BBDC-405F-8913-97826BEFEDA5}.Debug|x86.ActiveCfg = Debug|Any CPU
		{90B053F1-BBDC-405F-8913-97826BEFEDA5}.Debug|x86.Build.0 = Debug|Any CPU
		{90B053F1-BBDC-405F-8913-97826BEFEDA5}.Release|Any CPU.ActiveCfg = Release|Any CPU
		{90B053F1-BBDC-405F-8913-97826BEFEDA5}.Release|Any CPU.Build.0 = Release|Any CPU
		{90B053F1-BBDC-405F-8913-97826BEFEDA5}.Release|x64.ActiveCfg = Release|Any CPU
		{90B053F1-BBDC-405F-8913-97826BEFEDA5}.Release|x64.Build.0 = Release|Any CPU
		{90B053F1-BBDC-405F-8913-97826BEFEDA5}.Release|x86.ActiveCfg = Release|Any CPU
		{90B053F1-BBDC-405F-8913-97826BEFEDA5}.Release|x86.Build.0 = Release|Any CPU
	EndGlobalSection
	GlobalSection(SolutionProperties) = preSolution
		HideSolutionNode = FALSE
	EndGlobalSection
	GlobalSection(ExtensibilityGlobals) = postSolution
		SolutionGuid = {F7E7A5DE-9D1C-4209-B7FF-93FDD4E68587}
	EndGlobalSection
EndGlobal
