
Microsoft Visual Studio Solution File, Format Version 12.00
# Visual Studio Version 16
VisualStudioVersion = 16.0.29613.14
MinimumVisualStudioVersion = 15.0.26124.0
Project("{FAE04EC0-301F-11D3-BF4B-00C04F79EFBC}") = "Notifications.API", "Notifications.API\Notifications.API.csproj", "{526C92D1-B6A4-491C-8374-56D0019BD9FB}"
EndProject
Project("{FAE04EC0-301F-11D3-BF4B-00C04F79EFBC}") = "Notifications.UnitTests", "Notifications.UnitTests\Notifications.UnitTests.csproj", "{C187E687-FE5E-473E-9564-C4C82A9D2104}"
EndProject
Global
	GlobalSection(SolutionConfigurationPlatforms) = preSolution
		Debug|Any CPU = Debug|Any CPU
		Debug|x64 = Debug|x64
		Debug|x86 = Debug|x86
		Release|Any CPU = Release|Any CPU
		Release|x64 = Release|x64
		Release|x86 = Release|x86
	EndGlobalSection
	GlobalSection(ProjectConfigurationPlatforms) = postSolution
		{526C92D1-B6A4-491C-8374-56D0019BD9FB}.Debug|Any CPU.ActiveCfg = Debug|Any CPU
		{526C92D1-B6A4-491C-8374-56D0019BD9FB}.Debug|Any CPU.Build.0 = Debug|Any CPU
		{526C92D1-B6A4-491C-8374-56D0019BD9FB}.Debug|x64.ActiveCfg = Debug|Any CPU
		{526C92D1-B6A4-491C-8374-56D0019BD9FB}.Debug|x64.Build.0 = Debug|Any CPU
		{526C92D1-B6A4-491C-8374-56D0019BD9FB}.Debug|x86.ActiveCfg = Debug|Any CPU
		{526C92D1-B6A4-491C-8374-56D0019BD9FB}.Debug|x86.Build.0 = Debug|Any CPU
		{526C92D1-B6A4-491C-8374-56D0019BD9FB}.Release|Any CPU.ActiveCfg = Release|Any CPU
		{526C92D1-B6A4-491C-8374-56D0019BD9FB}.Release|Any CPU.Build.0 = Release|Any CPU
		{526C92D1-B6A4-491C-8374-56D0019BD9FB}.Release|x64.ActiveCfg = Release|Any CPU
		{526C92D1-B6A4-491C-8374-56D0019BD9FB}.Release|x64.Build.0 = Release|Any CPU
		{526C92D1-B6A4-491C-8374-56D0019BD9FB}.Release|x86.ActiveCfg = Release|Any CPU
		{526C92D1-B6A4-491C-8374-56D0019BD9FB}.Release|x86.Build.0 = Release|Any CPU
		{C187E687-FE5E-473E-9564-C4C82A9D2104}.Debug|Any CPU.ActiveCfg = Debug|Any CPU
		{C187E687-FE5E-473E-9564-C4C82A9D2104}.Debug|Any CPU.Build.0 = Debug|Any CPU
		{C187E687-FE5E-473E-9564-C4C82A9D2104}.Debug|x64.ActiveCfg = Debug|Any CPU
		{C187E687-FE5E-473E-9564-C4C82A9D2104}.Debug|x64.Build.0 = Debug|Any CPU
		{C187E687-FE5E-473E-9564-C4C82A9D2104}.Debug|x86.ActiveCfg = Debug|Any CPU
		{C187E687-FE5E-473E-9564-C4C82A9D2104}.Debug|x86.Build.0 = Debug|Any CPU
		{C187E687-FE5E-473E-9564-C4C82A9D2104}.Release|Any CPU.ActiveCfg = Release|Any CPU
		{C187E687-FE5E-473E-9564-C4C82A9D2104}.Release|Any CPU.Build.0 = Release|Any CPU
		{C187E687-FE5E-473E-9564-C4C82A9D2104}.Release|x64.ActiveCfg = Release|Any CPU
		{C187E687-FE5E-473E-9564-C4C82A9D2104}.Release|x64.Build.0 = Release|Any CPU
		{C187E687-FE5E-473E-9564-C4C82A9D2104}.Release|x86.ActiveCfg = Release|Any CPU
		{C187E687-FE5E-473E-9564-C4C82A9D2104}.Release|x86.Build.0 = Release|Any CPU
	EndGlobalSection
	GlobalSection(SolutionProperties) = preSolution
		HideSolutionNode = FALSE
	EndGlobalSection
	GlobalSection(ExtensibilityGlobals) = postSolution
		SolutionGuid = {300CC1D6-00DC-46A3-AED7-7B54156173DE}
	EndGlobalSection
EndGlobal
