
Microsoft Visual Studio Solution File, Format Version 12.00
# Visual Studio Version 16
VisualStudioVersion = 16.0.29613.14
MinimumVisualStudioVersion = 15.0.26124.0
Project("{FAE04EC0-301F-11D3-BF4B-00C04F79EFBC}") = "Identity.API", "Identity.API\Identity.API.csproj", "{AD923D88-C921-41D1-8A6A-6D38E660FD4F}"
EndProject
Project("{FAE04EC0-301F-11D3-BF4B-00C04F79EFBC}") = "Identity.UnitTests", "Identity.UnitTests\Identity.UnitTests.csproj", "{8802B97A-30AB-4761-BDE5-A161F08C217D}"
EndProject
Global
	GlobalSection(SolutionConfigurationPlatforms) = preSolution
		Debug|Any CPU = Debug|Any CPU
		Debug|x64 = Debug|x64
		Debug|x86 = Debug|x86
		Release|Any CPU = Release|Any CPU
		Release|x64 = Release|x64
		Release|x86 = Release|x86
	EndGlobalSection
	GlobalSection(ProjectConfigurationPlatforms) = postSolution
		{AD923D88-C921-41D1-8A6A-6D38E660FD4F}.Debug|Any CPU.ActiveCfg = Debug|Any CPU
		{AD923D88-C921-41D1-8A6A-6D38E660FD4F}.Debug|Any CPU.Build.0 = Debug|Any CPU
		{AD923D88-C921-41D1-8A6A-6D38E660FD4F}.Debug|x64.ActiveCfg = Debug|Any CPU
		{AD923D88-C921-41D1-8A6A-6D38E660FD4F}.Debug|x64.Build.0 = Debug|Any CPU
		{AD923D88-C921-41D1-8A6A-6D38E660FD4F}.Debug|x86.ActiveCfg = Debug|Any CPU
		{AD923D88-C921-41D1-8A6A-6D38E660FD4F}.Debug|x86.Build.0 = Debug|Any CPU
		{AD923D88-C921-41D1-8A6A-6D38E660FD4F}.Release|Any CPU.ActiveCfg = Release|Any CPU
		{AD923D88-C921-41D1-8A6A-6D38E660FD4F}.Release|Any CPU.Build.0 = Release|Any CPU
		{AD923D88-C921-41D1-8A6A-6D38E660FD4F}.Release|x64.ActiveCfg = Release|Any CPU
		{AD923D88-C921-41D1-8A6A-6D38E660FD4F}.Release|x64.Build.0 = Release|Any CPU
		{AD923D88-C921-41D1-8A6A-6D38E660FD4F}.Release|x86.ActiveCfg = Release|Any CPU
		{AD923D88-C921-41D1-8A6A-6D38E660FD4F}.Release|x86.Build.0 = Release|Any CPU
		{8802B97A-30AB-4761-BDE5-A161F08C217D}.Debug|Any CPU.ActiveCfg = Debug|Any CPU
		{8802B97A-30AB-4761-BDE5-A161F08C217D}.Debug|Any CPU.Build.0 = Debug|Any CPU
		{8802B97A-30AB-4761-BDE5-A161F08C217D}.Debug|x64.ActiveCfg = Debug|Any CPU
		{8802B97A-30AB-4761-BDE5-A161F08C217D}.Debug|x64.Build.0 = Debug|Any CPU
		{8802B97A-30AB-4761-BDE5-A161F08C217D}.Debug|x86.ActiveCfg = Debug|Any CPU
		{8802B97A-30AB-4761-BDE5-A161F08C217D}.Debug|x86.Build.0 = Debug|Any CPU
		{8802B97A-30AB-4761-BDE5-A161F08C217D}.Release|Any CPU.ActiveCfg = Release|Any CPU
		{8802B97A-30AB-4761-BDE5-A161F08C217D}.Release|Any CPU.Build.0 = Release|Any CPU
		{8802B97A-30AB-4761-BDE5-A161F08C217D}.Release|x64.ActiveCfg = Release|Any CPU
		{8802B97A-30AB-4761-BDE5-A161F08C217D}.Release|x64.Build.0 = Release|Any CPU
		{8802B97A-30AB-4761-BDE5-A161F08C217D}.Release|x86.ActiveCfg = Release|Any CPU
		{8802B97A-30AB-4761-BDE5-A161F08C217D}.Release|x86.Build.0 = Release|Any CPU
	EndGlobalSection
	GlobalSection(SolutionProperties) = preSolution
		HideSolutionNode = FALSE
	EndGlobalSection
	GlobalSection(ExtensibilityGlobals) = postSolution
		SolutionGuid = {55BCA897-CA2D-4F3B-B6A8-5969F3FBF648}
	EndGlobalSection
EndGlobal
