
Microsoft Visual Studio Solution File, Format Version 12.00
# Visual Studio Version 16
VisualStudioVersion = 16.0.29613.14
MinimumVisualStudioVersion = 15.0.26124.0
Project("{9A19103F-16F7-4668-BE54-9A1E7A4F7556}") = "MessageBrokers.RabbitMQ", "MessageBrokers.RabbitMQ\MessageBrokers.RabbitMQ.csproj", "{A417AA1F-E172-4CA4-A535-FBCD4FAF7732}"
EndProject
Global
	GlobalSection(SolutionConfigurationPlatforms) = preSolution
		Debug|Any CPU = Debug|Any CPU
		Debug|x64 = Debug|x64
		Debug|x86 = Debug|x86
		Release|Any CPU = Release|Any CPU
		Release|x64 = Release|x64
		Release|x86 = Release|x86
	EndGlobalSection
	GlobalSection(ProjectConfigurationPlatforms) = postSolution
		{A417AA1F-E172-4CA4-A535-FBCD4FAF7732}.Debug|Any CPU.ActiveCfg = Debug|Any CPU
		{A417AA1F-E172-4CA4-A535-FBCD4FAF7732}.Debug|Any CPU.Build.0 = Debug|Any CPU
		{A417AA1F-E172-4CA4-A535-FBCD4FAF7732}.Debug|x64.ActiveCfg = Debug|Any CPU
		{A417AA1F-E172-4CA4-A535-FBCD4FAF7732}.Debug|x64.Build.0 = Debug|Any CPU
		{A417AA1F-E172-4CA4-A535-FBCD4FAF7732}.Debug|x86.ActiveCfg = Debug|Any CPU
		{A417AA1F-E172-4CA4-A535-FBCD4FAF7732}.Debug|x86.Build.0 = Debug|Any CPU
		{A417AA1F-E172-4CA4-A535-FBCD4FAF7732}.Release|Any CPU.ActiveCfg = Release|Any CPU
		{A417AA1F-E172-4CA4-A535-FBCD4FAF7732}.Release|Any CPU.Build.0 = Release|Any CPU
		{A417AA1F-E172-4CA4-A535-FBCD4FAF7732}.Release|x64.ActiveCfg = Release|Any CPU
		{A417AA1F-E172-4CA4-A535-FBCD4FAF7732}.Release|x64.Build.0 = Release|Any CPU
		{A417AA1F-E172-4CA4-A535-FBCD4FAF7732}.Release|x86.ActiveCfg = Release|Any CPU
		{A417AA1F-E172-4CA4-A535-FBCD4FAF7732}.Release|x86.Build.0 = Release|Any CPU
	EndGlobalSection
	GlobalSection(SolutionProperties) = preSolution
		HideSolutionNode = FALSE
	EndGlobalSection
	GlobalSection(ExtensibilityGlobals) = postSolution
		SolutionGuid = {1C801794-8F7E-4312-B885-CF8E365DA246}
	EndGlobalSection
EndGlobal
