
Microsoft Visual Studio Solution File, Format Version 12.00
# Visual Studio Version 16
VisualStudioVersion = 16.0.29613.14
MinimumVisualStudioVersion = 15.0.26124.0
Project("{9A19103F-16F7-4668-BE54-9A1E7A4F7556}") = "Catalog.API", "Catalog.API\Catalog.API.csproj", "{BF71E4F8-0025-4EFC-8E0B-55943FA4DF91}"
EndProject
Project("{9A19103F-16F7-4668-BE54-9A1E7A4F7556}") = "Catalog.UnitTests", "Catalog.UnitTests\Catalog.UnitTests.csproj", "{3BA7870B-DB06-4AA5-8AB9-53F3AE533008}"
EndProject
Project("{E53339B2-1760-4266-BCC7-CA923CBCF16C}") = "docker-compose", "docker-compose.dcproj", "{7696DAFF-2845-4274-BED5-B8BCDE4D2DD0}"
EndProject
Global
	GlobalSection(SolutionConfigurationPlatforms) = preSolution
		Debug|Any CPU = Debug|Any CPU
		Debug|x64 = Debug|x64
		Debug|x86 = Debug|x86
		Release|Any CPU = Release|Any CPU
		Release|x64 = Release|x64
		Release|x86 = Release|x86
	EndGlobalSection
	GlobalSection(ProjectConfigurationPlatforms) = postSolution
		{BF71E4F8-0025-4EFC-8E0B-55943FA4DF91}.Debug|Any CPU.ActiveCfg = Debug|Any CPU
		{BF71E4F8-0025-4EFC-8E0B-55943FA4DF91}.Debug|Any CPU.Build.0 = Debug|Any CPU
		{BF71E4F8-0025-4EFC-8E0B-55943FA4DF91}.Debug|x64.ActiveCfg = Debug|Any CPU
		{BF71E4F8-0025-4EFC-8E0B-55943FA4DF91}.Debug|x64.Build.0 = Debug|Any CPU
		{BF71E4F8-0025-4EFC-8E0B-55943FA4DF91}.Debug|x86.ActiveCfg = Debug|Any CPU
		{BF71E4F8-0025-4EFC-8E0B-55943FA4DF91}.Debug|x86.Build.0 = Debug|Any CPU
		{BF71E4F8-0025-4EFC-8E0B-55943FA4DF91}.Release|Any CPU.ActiveCfg = Release|Any CPU
		{BF71E4F8-0025-4EFC-8E0B-55943FA4DF91}.Release|Any CPU.Build.0 = Release|Any CPU
		{BF71E4F8-0025-4EFC-8E0B-55943FA4DF91}.Release|x64.ActiveCfg = Release|Any CPU
		{BF71E4F8-0025-4EFC-8E0B-55943FA4DF91}.Release|x64.Build.0 = Release|Any CPU
		{BF71E4F8-0025-4EFC-8E0B-55943FA4DF91}.Release|x86.ActiveCfg = Release|Any CPU
		{BF71E4F8-0025-4EFC-8E0B-55943FA4DF91}.Release|x86.Build.0 = Release|Any CPU
		{3BA7870B-DB06-4AA5-8AB9-53F3AE533008}.Debug|Any CPU.ActiveCfg = Debug|Any CPU
		{3BA7870B-DB06-4AA5-8AB9-53F3AE533008}.Debug|Any CPU.Build.0 = Debug|Any CPU
		{3BA7870B-DB06-4AA5-8AB9-53F3AE533008}.Debug|x64.ActiveCfg = Debug|Any CPU
		{3BA7870B-DB06-4AA5-8AB9-53F3AE533008}.Debug|x64.Build.0 = Debug|Any CPU
		{3BA7870B-DB06-4AA5-8AB9-53F3AE533008}.Debug|x86.ActiveCfg = Debug|Any CPU
		{3BA7870B-DB06-4AA5-8AB9-53F3AE533008}.Debug|x86.Build.0 = Debug|Any CPU
		{3BA7870B-DB06-4AA5-8AB9-53F3AE533008}.Release|Any CPU.ActiveCfg = Release|Any CPU
		{3BA7870B-DB06-4AA5-8AB9-53F3AE533008}.Release|Any CPU.Build.0 = Release|Any CPU
		{3BA7870B-DB06-4AA5-8AB9-53F3AE533008}.Release|x64.ActiveCfg = Release|Any CPU
		{3BA7870B-DB06-4AA5-8AB9-53F3AE533008}.Release|x64.Build.0 = Release|Any CPU
		{3BA7870B-DB06-4AA5-8AB9-53F3AE533008}.Release|x86.ActiveCfg = Release|Any CPU
		{3BA7870B-DB06-4AA5-8AB9-53F3AE533008}.Release|x86.Build.0 = Release|Any CPU
		{7696DAFF-2845-4274-BED5-B8BCDE4D2DD0}.Debug|Any CPU.ActiveCfg = Debug|Any CPU
		{7696DAFF-2845-4274-BED5-B8BCDE4D2DD0}.Debug|Any CPU.Build.0 = Debug|Any CPU
		{7696DAFF-2845-4274-BED5-B8BCDE4D2DD0}.Debug|x64.ActiveCfg = Debug|Any CPU
		{7696DAFF-2845-4274-BED5-B8BCDE4D2DD0}.Debug|x64.Build.0 = Debug|Any CPU
		{7696DAFF-2845-4274-BED5-B8BCDE4D2DD0}.Debug|x86.ActiveCfg = Debug|Any CPU
		{7696DAFF-2845-4274-BED5-B8BCDE4D2DD0}.Debug|x86.Build.0 = Debug|Any CPU
		{7696DAFF-2845-4274-BED5-B8BCDE4D2DD0}.Release|Any CPU.ActiveCfg = Release|Any CPU
		{7696DAFF-2845-4274-BED5-B8BCDE4D2DD0}.Release|Any CPU.Build.0 = Release|Any CPU
		{7696DAFF-2845-4274-BED5-B8BCDE4D2DD0}.Release|x64.ActiveCfg = Release|Any CPU
		{7696DAFF-2845-4274-BED5-B8BCDE4D2DD0}.Release|x64.Build.0 = Release|Any CPU
		{7696DAFF-2845-4274-BED5-B8BCDE4D2DD0}.Release|x86.ActiveCfg = Release|Any CPU
		{7696DAFF-2845-4274-BED5-B8BCDE4D2DD0}.Release|x86.Build.0 = Release|Any CPU
	EndGlobalSection
	GlobalSection(SolutionProperties) = preSolution
		HideSolutionNode = FALSE
	EndGlobalSection
	GlobalSection(ExtensibilityGlobals) = postSolution
		SolutionGuid = {54B50FCC-E3F3-449C-98C2-638DADC61C65}
	EndGlobalSection
EndGlobal
